
Microsoft Visual Studio Solution File, Format Version 12.00
Project("{2150E333-8FDC-42A3-9474-1A3956D46DE8}") = "src", "src", "{09108F0C-C829-4B89-BEAE-ACBA5F58B854}"
EndProject
Project("{2150E333-8FDC-42A3-9474-1A3956D46DE8}") = "Core", "Core", "{96D50D1D-8B86-42A9-9FB9-819FF6D5522B}"
EndProject
Project("{2150E333-8FDC-42A3-9474-1A3956D46DE8}") = "External", "External", "{69359465-ADD8-419D-A1B3-64E593CB822D}"
EndProject
Project("{FAE04EC0-301F-11D3-BF4B-00C04F79EFBC}") = "Domain", "Domain\Domain.csproj", "{8EDC667A-82C1-4752-9BF0-82E44477DAF5}"
EndProject
Project("{FAE04EC0-301F-11D3-BF4B-00C04F79EFBC}") = "Application", "Application\Application.csproj", "{41954736-507F-47F0-BB88-1C37C522BA60}"
EndProject
Project("{FAE04EC0-301F-11D3-BF4B-00C04F79EFBC}") = "Infrastructure", "Infrastructure\Infrastructure.csproj", "{D6D2CA1C-1ADC-4F3B-AFC6-2241DCA984A6}"
EndProject
Project("{FAE04EC0-301F-11D3-BF4B-00C04F79EFBC}") = "Presentation", "Presentation\Presentation.csproj", "{6D8A9FE9-D308-4FD2-B0FD-8FB6CF9C36BC}"
EndProject
Project("{FAE04EC0-301F-11D3-BF4B-00C04F79EFBC}") = "WebApi", "WebApi\WebApi.csproj", "{281CB543-0E1F-4435-9EF1-C74744EE6A66}"
EndProject
Project("{2150E333-8FDC-42A3-9474-1A3956D46DE8}") = "tests", "tests", "{A54424BF-D85E-4B17-8304-50C64BBF253F}"
EndProject
Project("{FAE04EC0-301F-11D3-BF4B-00C04F79EFBC}") = "Application.UnitTests", "Application.UnitTests\Application.UnitTests.csproj", "{CE4AD771-7468-4F88-947A-C401610B2797}"
EndProject
Global
	GlobalSection(SolutionConfigurationPlatforms) = preSolution
		Debug|Any CPU = Debug|Any CPU
		Release|Any CPU = Release|Any CPU
	EndGlobalSection
	GlobalSection(NestedProjects) = preSolution
		{96D50D1D-8B86-42A9-9FB9-819FF6D5522B} = {09108F0C-C829-4B89-BEAE-ACBA5F58B854}
		{69359465-ADD8-419D-A1B3-64E593CB822D} = {09108F0C-C829-4B89-BEAE-ACBA5F58B854}
		{8EDC667A-82C1-4752-9BF0-82E44477DAF5} = {96D50D1D-8B86-42A9-9FB9-819FF6D5522B}
		{41954736-507F-47F0-BB88-1C37C522BA60} = {96D50D1D-8B86-42A9-9FB9-819FF6D5522B}
		{D6D2CA1C-1ADC-4F3B-AFC6-2241DCA984A6} = {69359465-ADD8-419D-A1B3-64E593CB822D}
		{6D8A9FE9-D308-4FD2-B0FD-8FB6CF9C36BC} = {69359465-ADD8-419D-A1B3-64E593CB822D}
		{281CB543-0E1F-4435-9EF1-C74744EE6A66} = {09108F0C-C829-4B89-BEAE-ACBA5F58B854}
		{CE4AD771-7468-4F88-947A-C401610B2797} = {A54424BF-D85E-4B17-8304-50C64BBF253F}
	EndGlobalSection
	GlobalSection(ProjectConfigurationPlatforms) = postSolution
		{8EDC667A-82C1-4752-9BF0-82E44477DAF5}.Debug|Any CPU.ActiveCfg = Debug|Any CPU
		{8EDC667A-82C1-4752-9BF0-82E44477DAF5}.Debug|Any CPU.Build.0 = Debug|Any CPU
		{8EDC667A-82C1-4752-9BF0-82E44477DAF5}.Release|Any CPU.ActiveCfg = Release|Any CPU
		{8EDC667A-82C1-4752-9BF0-82E44477DAF5}.Release|Any CPU.Build.0 = Release|Any CPU
		{41954736-507F-47F0-BB88-1C37C522BA60}.Debug|Any CPU.ActiveCfg = Debug|Any CPU
		{41954736-507F-47F0-BB88-1C37C522BA60}.Debug|Any CPU.Build.0 = Debug|Any CPU
		{41954736-507F-47F0-BB88-1C37C522BA60}.Release|Any CPU.ActiveCfg = Release|Any CPU
		{41954736-507F-47F0-BB88-1C37C522BA60}.Release|Any CPU.Build.0 = Release|Any CPU
		{D6D2CA1C-1ADC-4F3B-AFC6-2241DCA984A6}.Debug|Any CPU.ActiveCfg = Debug|Any CPU
		{D6D2CA1C-1ADC-4F3B-AFC6-2241DCA984A6}.Debug|Any CPU.Build.0 = Debug|Any CPU
		{D6D2CA1C-1ADC-4F3B-AFC6-2241DCA984A6}.Release|Any CPU.ActiveCfg = Release|Any CPU
		{D6D2CA1C-1ADC-4F3B-AFC6-2241DCA984A6}.Release|Any CPU.Build.0 = Release|Any CPU
		{6D8A9FE9-D308-4FD2-B0FD-8FB6CF9C36BC}.Debug|Any CPU.ActiveCfg = Debug|Any CPU
		{6D8A9FE9-D308-4FD2-B0FD-8FB6CF9C36BC}.Debug|Any CPU.Build.0 = Debug|Any CPU
		{6D8A9FE9-D308-4FD2-B0FD-8FB6CF9C36BC}.Release|Any CPU.ActiveCfg = Release|Any CPU
		{6D8A9FE9-D308-4FD2-B0FD-8FB6CF9C36BC}.Release|Any CPU.Build.0 = Release|Any CPU
		{281CB543-0E1F-4435-9EF1-C74744EE6A66}.Debug|Any CPU.ActiveCfg = Debug|Any CPU
		{281CB543-0E1F-4435-9EF1-C74744EE6A66}.Debug|Any CPU.Build.0 = Debug|Any CPU
		{281CB543-0E1F-4435-9EF1-C74744EE6A66}.Release|Any CPU.ActiveCfg = Release|Any CPU
		{281CB543-0E1F-4435-9EF1-C74744EE6A66}.Release|Any CPU.Build.0 = Release|Any CPU
		{CE4AD771-7468-4F88-947A-C401610B2797}.Debug|Any CPU.ActiveCfg = Debug|Any CPU
		{CE4AD771-7468-4F88-947A-C401610B2797}.Debug|Any CPU.Build.0 = Debug|Any CPU
		{CE4AD771-7468-4F88-947A-C401610B2797}.Release|Any CPU.ActiveCfg = Release|Any CPU
		{CE4AD771-7468-4F88-947A-C401610B2797}.Release|Any CPU.Build.0 = Release|Any CPU
	EndGlobalSection
EndGlobal
